
Microsoft Visual Studio Solution File, Format Version 12.00
# Visual Studio Version 16
VisualStudioVersion = 16.0.32929.386
MinimumVisualStudioVersion = 10.0.40219.1
Project("{FAE04EC0-301F-11D3-BF4B-00C04F79EFBC}") = "Evaluator", "Evaluator.csproj", "{7CECAEAF-19EA-4ED5-A848-DCBFC2B24FA5}"
EndProject
Project("{2150E333-8FDC-42A3-9474-1A3956D46DE8}") = "Solution Items", "Solution Items", "{4253CA23-FB8F-4F3F-B863-F112D01842E8}"
EndProject
Global
	GlobalSection(SolutionConfigurationPlatforms) = preSolution
		Debug|Any CPU = Debug|Any CPU
		Release|Any CPU = Release|Any CPU
	EndGlobalSection
	GlobalSection(ProjectConfigurationPlatforms) = postSolution
		{7CECAEAF-19EA-4ED5-A848-DCBFC2B24FA5}.Debug|Any CPU.ActiveCfg = Debug|Any CPU
		{7CECAEAF-19EA-4ED5-A848-DCBFC2B24FA5}.Debug|Any CPU.Build.0 = Debug|Any CPU
		{7CECAEAF-19EA-4ED5-A848-DCBFC2B24FA5}.Release|Any CPU.ActiveCfg = Release|Any CPU
		{7CECAEAF-19EA-4ED5-A848-DCBFC2B24FA5}.Release|Any CPU.Build.0 = Release|Any CPU
	EndGlobalSection
	GlobalSection(SolutionProperties) = preSolution
		HideSolutionNode = FALSE
	EndGlobalSection
	GlobalSection(ExtensibilityGlobals) = postSolution
		SolutionGuid = {588C97BE-7E1D-46DB-A88B-0515AA167278}
	EndGlobalSection
EndGlobal
