
Microsoft Visual Studio Solution File, Format Version 12.00
# Visual Studio Version 17
VisualStudioVersion = 17.3.32929.385
MinimumVisualStudioVersion = 10.0.40219.1
Project("{9A19103F-16F7-4668-BE54-9A1E7A4F7556}") = "Evaluator", "Evaluator.csproj", "{7CECAEAF-19EA-4ED5-A848-DCBFC2B24FA5}"
EndProject
Project("{2150E333-8FDC-42A3-9474-1A3956D46DE8}") = "Solution Items", "Solution Items", "{4253CA23-FB8F-4F3F-B863-F112D01842E8}"
EndProject
Global
	GlobalSection(SolutionConfigurationPlatforms) = preSolution
		Debug|Any CPU = Debug|Any CPU
		Debug|x64 = Debug|x64
		Release|Any CPU = Release|Any CPU
		Release|x64 = Release|x64
		test|Any CPU = test|Any CPU
		test|x64 = test|x64
	EndGlobalSection
	GlobalSection(ProjectConfigurationPlatforms) = postSolution
		{7CECAEAF-19EA-4ED5-A848-DCBFC2B24FA5}.Debug|Any CPU.ActiveCfg = Debug|Any CPU
		{7CECAEAF-19EA-4ED5-A848-DCBFC2B24FA5}.Debug|Any CPU.Build.0 = Debug|Any CPU
		{7CECAEAF-19EA-4ED5-A848-DCBFC2B24FA5}.Debug|x64.ActiveCfg = Debug|x64
		{7CECAEAF-19EA-4ED5-A848-DCBFC2B24FA5}.Debug|x64.Build.0 = Debug|x64
		{7CECAEAF-19EA-4ED5-A848-DCBFC2B24FA5}.Release|Any CPU.ActiveCfg = Release|Any CPU
		{7CECAEAF-19EA-4ED5-A848-DCBFC2B24FA5}.Release|Any CPU.Build.0 = Release|Any CPU
		{7CECAEAF-19EA-4ED5-A848-DCBFC2B24FA5}.Release|x64.ActiveCfg = Release|x64
		{7CECAEAF-19EA-4ED5-A848-DCBFC2B24FA5}.Release|x64.Build.0 = Release|x64
		{7CECAEAF-19EA-4ED5-A848-DCBFC2B24FA5}.test|Any CPU.ActiveCfg = test|Any CPU
		{7CECAEAF-19EA-4ED5-A848-DCBFC2B24FA5}.test|Any CPU.Build.0 = test|Any CPU
		{7CECAEAF-19EA-4ED5-A848-DCBFC2B24FA5}.test|x64.ActiveCfg = test|x64
		{7CECAEAF-19EA-4ED5-A848-DCBFC2B24FA5}.test|x64.Build.0 = test|x64
	EndGlobalSection
	GlobalSection(SolutionProperties) = preSolution
		HideSolutionNode = FALSE
	EndGlobalSection
	GlobalSection(ExtensibilityGlobals) = postSolution
		SolutionGuid = {588C97BE-7E1D-46DB-A88B-0515AA167278}
	EndGlobalSection
EndGlobal
